{
  "name": "socsieng.github.io",
  "version": "0.0.1",
  "lockfileVersion": 1,
  "requires": true,
  "dependencies": {
    "prettier": {
      "version": "npm:@btmills/prettier@2.1.1",
      "resolved": "https://registry.npmjs.org/@btmills/prettier/-/prettier-2.1.1.tgz",
      "integrity": "sha512-s1yFNxzaUawLkh/c6pcY52WCHzBT4fmYwnSd2dLSkWeFcn/JsOSYT66BVaKUbLt8XSBWNdKqBUtqQhU7mtSjGA==",
      "dev": true
    }
  }
}
