{
  "name": "socsieng.github.io",
  "version": "0.0.1",
  "lockfileVersion": 1,
  "requires": true,
  "dependencies": {
    "prettier": {
      "version": "npm:@btmills/prettier@2.1.2",
      "resolved": "https://registry.npmjs.org/@btmills/prettier/-/prettier-2.1.2.tgz",
      "integrity": "sha512-kfdDwEcFzR8DOBLSZQKO/KxawfpeUUfdKFutaGI/i1f+RE+zTjSZWf952JsiLluzp4+u4HJE0idAaqtlj73MGA==",
      "dev": true
    }
  }
}
